// !$*UTF8*$!
{
	archiveVersion = 1;
	classes = {
	};
	objectVersion = 46;
	objects = {

/* Begin PBXBuildFile section */
		564D23621B73891200311F1D /* ExternalUrlInterfaceController.m in Sources */ = {isa = PBXBuildFile; fileRef = 564D23611B73891200311F1D /* ExternalUrlInterfaceController.m */; };
		564D23651B73907300311F1D /* AlertInterfaceController.m in Sources */ = {isa = PBXBuildFile; fileRef = 564D23641B73907300311F1D /* AlertInterfaceController.m */; };
		5655826F1B68D64D0089F9DD /* main.m in Sources */ = {isa = PBXBuildFile; fileRef = 5655826E1B68D64D0089F9DD /* main.m */; };
		565582721B68D64D0089F9DD /* AppDelegate.m in Sources */ = {isa = PBXBuildFile; fileRef = 565582711B68D64D0089F9DD /* AppDelegate.m */; };
		565582751B68D64D0089F9DD /* ViewController.m in Sources */ = {isa = PBXBuildFile; fileRef = 565582741B68D64D0089F9DD /* ViewController.m */; };
		565582781B68D64D0089F9DD /* Main.storyboard in Resources */ = {isa = PBXBuildFile; fileRef = 565582761B68D64D0089F9DD /* Main.storyboard */; };
		5655827A1B68D64D0089F9DD /* Assets.xcassets in Resources */ = {isa = PBXBuildFile; fileRef = 565582791B68D64D0089F9DD /* Assets.xcassets */; };
		5655827D1B68D64D0089F9DD /* LaunchScreen.storyboard in Resources */ = {isa = PBXBuildFile; fileRef = 5655827B1B68D64D0089F9DD /* LaunchScreen.storyboard */; };
		5655828A1B68DAC00089F9DD /* Interface.storyboard in Resources */ = {isa = PBXBuildFile; fileRef = 565582881B68DAC00089F9DD /* Interface.storyboard */; };
		5655828C1B68DAC00089F9DD /* Assets.xcassets in Resources */ = {isa = PBXBuildFile; fileRef = 5655828B1B68DAC00089F9DD /* Assets.xcassets */; };
		565582931B68DAC00089F9DD /* test-watch Extension.appex in Embed App Extensions */ = {isa = PBXBuildFile; fileRef = 565582921B68DAC00089F9DD /* test-watch Extension.appex */; settings = {ATTRIBUTES = (RemoveHeadersOnCopy, ); }; };
		565582A91B68DAC00089F9DD /* Assets.xcassets in Resources */ = {isa = PBXBuildFile; fileRef = 565582A81B68DAC00089F9DD /* Assets.xcassets */; };
		565582AD1B68DAC00089F9DD /* test-watch.app in Embed Watch Content */ = {isa = PBXBuildFile; fileRef = 565582861B68DAC00089F9DD /* test-watch.app */; };
		56C174871B70F77200D87577 /* ComplicationController.m in Sources */ = {isa = PBXBuildFile; fileRef = 56C174821B70F77200D87577 /* ComplicationController.m */; };
		56C174881B70F77200D87577 /* GlanceController.m in Sources */ = {isa = PBXBuildFile; fileRef = 56C174841B70F77200D87577 /* GlanceController.m */; };
		56C174891B70F77200D87577 /* NotificationController.m in Sources */ = {isa = PBXBuildFile; fileRef = 56C174861B70F77200D87577 /* NotificationController.m */; };
		56C1748E1B70F77A00D87577 /* ExtensionDelegate.m in Sources */ = {isa = PBXBuildFile; fileRef = 56C1748B1B70F77A00D87577 /* ExtensionDelegate.m */; };
		56C1748F1B70F77A00D87577 /* InterfaceController.m in Sources */ = {isa = PBXBuildFile; fileRef = 56C1748D1B70F77A00D87577 /* InterfaceController.m */; };
		56C174921B70F7E800D87577 /* RowController.m in Sources */ = {isa = PBXBuildFile; fileRef = 56C174911B70F7E800D87577 /* RowController.m */; };
		56C175511B70FE6600D87577 /* AnimatedPropertiesInterfaceController.m in Sources */ = {isa = PBXBuildFile; fileRef = 56C175501B70FE6600D87577 /* AnimatedPropertiesInterfaceController.m */; };
		56C175541B71035C00D87577 /* MessageToPhoneInterfaceController.m in Sources */ = {isa = PBXBuildFile; fileRef = 56C175531B71035C00D87577 /* MessageToPhoneInterfaceController.m */; };
		56C175571B71088A00D87577 /* Constants.m in Sources */ = {isa = PBXBuildFile; fileRef = 56C175561B71088A00D87577 /* Constants.m */; };
		56C175581B71088E00D87577 /* Constants.m in Sources */ = {isa = PBXBuildFile; fileRef = 56C175561B71088A00D87577 /* Constants.m */; };
		56C1755C1B7249F400D87577 /* AnimationInterfaceController.m in Sources */ = {isa = PBXBuildFile; fileRef = 56C1755B1B7249F400D87577 /* AnimationInterfaceController.m */; };
		56C1755F1B72567A00D87577 /* NetworkInterfaceController.m in Sources */ = {isa = PBXBuildFile; fileRef = 56C1755E1B72567A00D87577 /* NetworkInterfaceController.m */; };
/* End PBXBuildFile section */

/* Begin PBXContainerItemProxy section */
		565582941B68DAC00089F9DD /* PBXContainerItemProxy */ = {
			isa = PBXContainerItemProxy;
			containerPortal = 565582621B68D64D0089F9DD /* Project object */;
			proxyType = 1;
			remoteGlobalIDString = 565582911B68DAC00089F9DD;
			remoteInfo = "test-watch Extension";
		};
		565582AB1B68DAC00089F9DD /* PBXContainerItemProxy */ = {
			isa = PBXContainerItemProxy;
			containerPortal = 565582621B68D64D0089F9DD /* Project object */;
			proxyType = 1;
			remoteGlobalIDString = 565582851B68DAC00089F9DD;
			remoteInfo = "test-watch";
		};
/* End PBXContainerItemProxy section */

/* Begin PBXCopyFilesBuildPhase section */
		565582B11B68DAC00089F9DD /* Embed App Extensions */ = {
			isa = PBXCopyFilesBuildPhase;
			buildActionMask = 2147483647;
			dstPath = "";
			dstSubfolderSpec = 13;
			files = (
				565582931B68DAC00089F9DD /* test-watch Extension.appex in Embed App Extensions */,
			);
			name = "Embed App Extensions";
			runOnlyForDeploymentPostprocessing = 0;
		};
		565582B51B68DAC00089F9DD /* Embed Watch Content */ = {
			isa = PBXCopyFilesBuildPhase;
			buildActionMask = 2147483647;
			dstPath = "$(CONTENTS_FOLDER_PATH)/Watch";
			dstSubfolderSpec = 16;
			files = (
				565582AD1B68DAC00089F9DD /* test-watch.app in Embed Watch Content */,
			);
			name = "Embed Watch Content";
			runOnlyForDeploymentPostprocessing = 0;
		};
/* End PBXCopyFilesBuildPhase section */

/* Begin PBXFileReference section */
		564D23601B73891200311F1D /* ExternalUrlInterfaceController.h */ = {isa = PBXFileReference; fileEncoding = 4; lastKnownFileType = sourcecode.c.h; path = ExternalUrlInterfaceController.h; sourceTree = "<group>"; };
		564D23611B73891200311F1D /* ExternalUrlInterfaceController.m */ = {isa = PBXFileReference; fileEncoding = 4; lastKnownFileType = sourcecode.c.objc; path = ExternalUrlInterfaceController.m; sourceTree = "<group>"; };
		564D23631B73907300311F1D /* AlertInterfaceController.h */ = {isa = PBXFileReference; fileEncoding = 4; lastKnownFileType = sourcecode.c.h; path = AlertInterfaceController.h; sourceTree = "<group>"; };
		564D23641B73907300311F1D /* AlertInterfaceController.m */ = {isa = PBXFileReference; fileEncoding = 4; lastKnownFileType = sourcecode.c.objc; path = AlertInterfaceController.m; sourceTree = "<group>"; };
		5655826A1B68D64D0089F9DD /* test123.app */ = {isa = PBXFileReference; explicitFileType = wrapper.application; includeInIndex = 0; path = test123.app; sourceTree = BUILT_PRODUCTS_DIR; };
		5655826E1B68D64D0089F9DD /* main.m */ = {isa = PBXFileReference; lastKnownFileType = sourcecode.c.objc; path = main.m; sourceTree = "<group>"; };
		565582701B68D64D0089F9DD /* AppDelegate.h */ = {isa = PBXFileReference; lastKnownFileType = sourcecode.c.h; path = AppDelegate.h; sourceTree = "<group>"; };
		565582711B68D64D0089F9DD /* AppDelegate.m */ = {isa = PBXFileReference; lastKnownFileType = sourcecode.c.objc; path = AppDelegate.m; sourceTree = "<group>"; };
		565582731B68D64D0089F9DD /* ViewController.h */ = {isa = PBXFileReference; lastKnownFileType = sourcecode.c.h; path = ViewController.h; sourceTree = "<group>"; };
		565582741B68D64D0089F9DD /* ViewController.m */ = {isa = PBXFileReference; lastKnownFileType = sourcecode.c.objc; path = ViewController.m; sourceTree = "<group>"; };
		565582771B68D64D0089F9DD /* Base */ = {isa = PBXFileReference; lastKnownFileType = file.storyboard; name = Base; path = Base.lproj/Main.storyboard; sourceTree = "<group>"; };
		565582791B68D64D0089F9DD /* Assets.xcassets */ = {isa = PBXFileReference; lastKnownFileType = folder.assetcatalog; path = Assets.xcassets; sourceTree = "<group>"; };
		5655827C1B68D64D0089F9DD /* Base */ = {isa = PBXFileReference; lastKnownFileType = file.storyboard; name = Base; path = Base.lproj/LaunchScreen.storyboard; sourceTree = "<group>"; };
		5655827E1B68D64D0089F9DD /* Info.plist */ = {isa = PBXFileReference; lastKnownFileType = text.plist.xml; path = Info.plist; sourceTree = "<group>"; };
		565582861B68DAC00089F9DD /* test-watch.app */ = {isa = PBXFileReference; explicitFileType = wrapper.application; includeInIndex = 0; path = "test-watch.app"; sourceTree = BUILT_PRODUCTS_DIR; };
		565582891B68DAC00089F9DD /* Base */ = {isa = PBXFileReference; lastKnownFileType = file.storyboard; name = Base; path = Base.lproj/Interface.storyboard; sourceTree = "<group>"; };
		5655828B1B68DAC00089F9DD /* Assets.xcassets */ = {isa = PBXFileReference; lastKnownFileType = folder.assetcatalog; path = Assets.xcassets; sourceTree = "<group>"; };
		5655828D1B68DAC00089F9DD /* Info.plist */ = {isa = PBXFileReference; lastKnownFileType = text.plist.xml; path = Info.plist; sourceTree = "<group>"; };
		565582921B68DAC00089F9DD /* test-watch Extension.appex */ = {isa = PBXFileReference; explicitFileType = "wrapper.app-extension"; includeInIndex = 0; path = "test-watch Extension.appex"; sourceTree = BUILT_PRODUCTS_DIR; };
		565582981B68DAC00089F9DD /* PushNotificationPayload.apns */ = {isa = PBXFileReference; lastKnownFileType = text; path = PushNotificationPayload.apns; sourceTree = "<group>"; };
		565582A81B68DAC00089F9DD /* Assets.xcassets */ = {isa = PBXFileReference; lastKnownFileType = folder.assetcatalog; path = Assets.xcassets; sourceTree = "<group>"; };
		565582AA1B68DAC00089F9DD /* Info.plist */ = {isa = PBXFileReference; lastKnownFileType = text.plist.xml; path = Info.plist; sourceTree = "<group>"; };
		56C174811B70F77200D87577 /* ComplicationController.h */ = {isa = PBXFileReference; fileEncoding = 4; lastKnownFileType = sourcecode.c.h; path = ComplicationController.h; sourceTree = "<group>"; };
		56C174821B70F77200D87577 /* ComplicationController.m */ = {isa = PBXFileReference; fileEncoding = 4; lastKnownFileType = sourcecode.c.objc; path = ComplicationController.m; sourceTree = "<group>"; };
		56C174831B70F77200D87577 /* GlanceController.h */ = {isa = PBXFileReference; fileEncoding = 4; lastKnownFileType = sourcecode.c.h; path = GlanceController.h; sourceTree = "<group>"; };
		56C174841B70F77200D87577 /* GlanceController.m */ = {isa = PBXFileReference; fileEncoding = 4; lastKnownFileType = sourcecode.c.objc; path = GlanceController.m; sourceTree = "<group>"; };
		56C174851B70F77200D87577 /* NotificationController.h */ = {isa = PBXFileReference; fileEncoding = 4; lastKnownFileType = sourcecode.c.h; path = NotificationController.h; sourceTree = "<group>"; };
		56C174861B70F77200D87577 /* NotificationController.m */ = {isa = PBXFileReference; fileEncoding = 4; lastKnownFileType = sourcecode.c.objc; path = NotificationController.m; sourceTree = "<group>"; };
		56C1748A1B70F77A00D87577 /* ExtensionDelegate.h */ = {isa = PBXFileReference; fileEncoding = 4; lastKnownFileType = sourcecode.c.h; path = ExtensionDelegate.h; sourceTree = "<group>"; };
		56C1748B1B70F77A00D87577 /* ExtensionDelegate.m */ = {isa = PBXFileReference; fileEncoding = 4; lastKnownFileType = sourcecode.c.objc; path = ExtensionDelegate.m; sourceTree = "<group>"; };
		56C1748C1B70F77A00D87577 /* InterfaceController.h */ = {isa = PBXFileReference; fileEncoding = 4; lastKnownFileType = sourcecode.c.h; path = InterfaceController.h; sourceTree = "<group>"; };
		56C1748D1B70F77A00D87577 /* InterfaceController.m */ = {isa = PBXFileReference; fileEncoding = 4; lastKnownFileType = sourcecode.c.objc; path = InterfaceController.m; sourceTree = "<group>"; };
		56C174901B70F7E800D87577 /* RowController.h */ = {isa = PBXFileReference; fileEncoding = 4; lastKnownFileType = sourcecode.c.h; path = RowController.h; sourceTree = "<group>"; };
		56C174911B70F7E800D87577 /* RowController.m */ = {isa = PBXFileReference; fileEncoding = 4; lastKnownFileType = sourcecode.c.objc; path = RowController.m; sourceTree = "<group>"; };
		56C1754F1B70FE6600D87577 /* AnimatedPropertiesInterfaceController.h */ = {isa = PBXFileReference; fileEncoding = 4; lastKnownFileType = sourcecode.c.h; path = AnimatedPropertiesInterfaceController.h; sourceTree = "<group>"; };
		56C175501B70FE6600D87577 /* AnimatedPropertiesInterfaceController.m */ = {isa = PBXFileReference; fileEncoding = 4; lastKnownFileType = sourcecode.c.objc; path = AnimatedPropertiesInterfaceController.m; sourceTree = "<group>"; };
		56C175521B71035C00D87577 /* MessageToPhoneInterfaceController.h */ = {isa = PBXFileReference; fileEncoding = 4; lastKnownFileType = sourcecode.c.h; path = MessageToPhoneInterfaceController.h; sourceTree = "<group>"; };
		56C175531B71035C00D87577 /* MessageToPhoneInterfaceController.m */ = {isa = PBXFileReference; fileEncoding = 4; lastKnownFileType = sourcecode.c.objc; path = MessageToPhoneInterfaceController.m; sourceTree = "<group>"; };
		56C175551B71088A00D87577 /* Constants.h */ = {isa = PBXFileReference; fileEncoding = 4; lastKnownFileType = sourcecode.c.h; path = Constants.h; sourceTree = "<group>"; };
		56C175561B71088A00D87577 /* Constants.m */ = {isa = PBXFileReference; fileEncoding = 4; lastKnownFileType = sourcecode.c.objc; path = Constants.m; sourceTree = "<group>"; };
		56C1755A1B7249F400D87577 /* AnimationInterfaceController.h */ = {isa = PBXFileReference; fileEncoding = 4; lastKnownFileType = sourcecode.c.h; path = AnimationInterfaceController.h; sourceTree = "<group>"; };
		56C1755B1B7249F400D87577 /* AnimationInterfaceController.m */ = {isa = PBXFileReference; fileEncoding = 4; lastKnownFileType = sourcecode.c.objc; path = AnimationInterfaceController.m; sourceTree = "<group>"; };
		56C1755D1B72567A00D87577 /* NetworkInterfaceController.h */ = {isa = PBXFileReference; fileEncoding = 4; lastKnownFileType = sourcecode.c.h; path = NetworkInterfaceController.h; sourceTree = "<group>"; };
		56C1755E1B72567A00D87577 /* NetworkInterfaceController.m */ = {isa = PBXFileReference; fileEncoding = 4; lastKnownFileType = sourcecode.c.objc; path = NetworkInterfaceController.m; sourceTree = "<group>"; };
/* End PBXFileReference section */

/* Begin PBXFrameworksBuildPhase section */
		565582671B68D64D0089F9DD /* Frameworks */ = {
			isa = PBXFrameworksBuildPhase;
			buildActionMask = 2147483647;
			files = (
			);
			runOnlyForDeploymentPostprocessing = 0;
		};
		5655828F1B68DAC00089F9DD /* Frameworks */ = {
			isa = PBXFrameworksBuildPhase;
			buildActionMask = 2147483647;
			files = (
			);
			runOnlyForDeploymentPostprocessing = 0;
		};
/* End PBXFrameworksBuildPhase section */

/* Begin PBXGroup section */
		565582611B68D64D0089F9DD = {
			isa = PBXGroup;
			children = (
				5655826C1B68D64D0089F9DD /* test123 */,
				565582871B68DAC00089F9DD /* test-watch */,
				565582961B68DAC00089F9DD /* test-watch Extension */,
				5655826B1B68D64D0089F9DD /* Products */,
			);
			sourceTree = "<group>";
		};
		5655826B1B68D64D0089F9DD /* Products */ = {
			isa = PBXGroup;
			children = (
				5655826A1B68D64D0089F9DD /* test123.app */,
				565582861B68DAC00089F9DD /* test-watch.app */,
				565582921B68DAC00089F9DD /* test-watch Extension.appex */,
			);
			name = Products;
			sourceTree = "<group>";
		};
		5655826C1B68D64D0089F9DD /* test123 */ = {
			isa = PBXGroup;
			children = (
				565582701B68D64D0089F9DD /* AppDelegate.h */,
				565582711B68D64D0089F9DD /* AppDelegate.m */,
				565582731B68D64D0089F9DD /* ViewController.h */,
				565582741B68D64D0089F9DD /* ViewController.m */,
				565582761B68D64D0089F9DD /* Main.storyboard */,
				565582791B68D64D0089F9DD /* Assets.xcassets */,
				5655827B1B68D64D0089F9DD /* LaunchScreen.storyboard */,
				5655827E1B68D64D0089F9DD /* Info.plist */,
				5655826D1B68D64D0089F9DD /* Supporting Files */,
				56C175551B71088A00D87577 /* Constants.h */,
				56C175561B71088A00D87577 /* Constants.m */,
			);
			path = test123;
			sourceTree = "<group>";
		};
		5655826D1B68D64D0089F9DD /* Supporting Files */ = {
			isa = PBXGroup;
			children = (
				5655826E1B68D64D0089F9DD /* main.m */,
			);
			name = "Supporting Files";
			sourceTree = "<group>";
		};
		565582871B68DAC00089F9DD /* test-watch */ = {
			isa = PBXGroup;
			children = (
				565582881B68DAC00089F9DD /* Interface.storyboard */,
				5655828B1B68DAC00089F9DD /* Assets.xcassets */,
				5655828D1B68DAC00089F9DD /* Info.plist */,
			);
			path = "test-watch";
			sourceTree = "<group>";
		};
		565582961B68DAC00089F9DD /* test-watch Extension */ = {
			isa = PBXGroup;
			children = (
				56C174801B70F74F00D87577 /* additional */,
				56C1747F1B70F73D00D87577 /* main */,
				56C1747E1B70E26300D87577 /* sample controllers */,
				565582A81B68DAC00089F9DD /* Assets.xcassets */,
				565582AA1B68DAC00089F9DD /* Info.plist */,
				565582971B68DAC00089F9DD /* Supporting Files */,
			);
			path = "test-watch Extension";
			sourceTree = "<group>";
		};
		565582971B68DAC00089F9DD /* Supporting Files */ = {
			isa = PBXGroup;
			children = (
				565582981B68DAC00089F9DD /* PushNotificationPayload.apns */,
			);
			name = "Supporting Files";
			sourceTree = "<group>";
		};
		56C1747E1B70E26300D87577 /* sample controllers */ = {
			isa = PBXGroup;
			children = (
				56C1754F1B70FE6600D87577 /* AnimatedPropertiesInterfaceController.h */,
				56C175501B70FE6600D87577 /* AnimatedPropertiesInterfaceController.m */,
				56C175521B71035C00D87577 /* MessageToPhoneInterfaceController.h */,
				56C175531B71035C00D87577 /* MessageToPhoneInterfaceController.m */,
				56C1755A1B7249F400D87577 /* AnimationInterfaceController.h */,
				56C1755B1B7249F400D87577 /* AnimationInterfaceController.m */,
				56C1755D1B72567A00D87577 /* NetworkInterfaceController.h */,
				56C1755E1B72567A00D87577 /* NetworkInterfaceController.m */,
				564D23601B73891200311F1D /* ExternalUrlInterfaceController.h */,
				564D23611B73891200311F1D /* ExternalUrlInterfaceController.m */,
				564D23631B73907300311F1D /* AlertInterfaceController.h */,
				564D23641B73907300311F1D /* AlertInterfaceController.m */,
			);
			path = "sample controllers";
			sourceTree = "<group>";
		};
		56C1747F1B70F73D00D87577 /* main */ = {
			isa = PBXGroup;
			children = (
				56C1748A1B70F77A00D87577 /* ExtensionDelegate.h */,
				56C1748B1B70F77A00D87577 /* ExtensionDelegate.m */,
				56C1748C1B70F77A00D87577 /* InterfaceController.h */,
				56C1748D1B70F77A00D87577 /* InterfaceController.m */,
				56C174901B70F7E800D87577 /* RowController.h */,
				56C174911B70F7E800D87577 /* RowController.m */,
			);
			path = main;
			sourceTree = "<group>";
		};
		56C174801B70F74F00D87577 /* additional */ = {
			isa = PBXGroup;
			children = (
				56C174811B70F77200D87577 /* ComplicationController.h */,
				56C174821B70F77200D87577 /* ComplicationController.m */,
				56C174831B70F77200D87577 /* GlanceController.h */,
				56C174841B70F77200D87577 /* GlanceController.m */,
				56C174851B70F77200D87577 /* NotificationController.h */,
				56C174861B70F77200D87577 /* NotificationController.m */,
			);
			path = additional;
			sourceTree = "<group>";
		};
/* End PBXGroup section */

/* Begin PBXNativeTarget section */
		565582691B68D64D0089F9DD /* test123 */ = {
			isa = PBXNativeTarget;
			buildConfigurationList = 565582811B68D64D0089F9DD /* Build configuration list for PBXNativeTarget "test123" */;
			buildPhases = (
				565582661B68D64D0089F9DD /* Sources */,
				565582671B68D64D0089F9DD /* Frameworks */,
				565582681B68D64D0089F9DD /* Resources */,
				565582B51B68DAC00089F9DD /* Embed Watch Content */,
			);
			buildRules = (
			);
			dependencies = (
				565582AC1B68DAC00089F9DD /* PBXTargetDependency */,
			);
			name = test123;
			productName = test123;
			productReference = 5655826A1B68D64D0089F9DD /* test123.app */;
			productType = "com.apple.product-type.application";
		};
		565582851B68DAC00089F9DD /* test-watch */ = {
			isa = PBXNativeTarget;
			buildConfigurationList = 565582B21B68DAC00089F9DD /* Build configuration list for PBXNativeTarget "test-watch" */;
			buildPhases = (
				565582841B68DAC00089F9DD /* Resources */,
				565582B11B68DAC00089F9DD /* Embed App Extensions */,
			);
			buildRules = (
			);
			dependencies = (
				565582951B68DAC00089F9DD /* PBXTargetDependency */,
			);
			name = "test-watch";
			productName = "test-watch";
			productReference = 565582861B68DAC00089F9DD /* test-watch.app */;
			productType = "com.apple.product-type.application.watchapp2";
		};
		565582911B68DAC00089F9DD /* test-watch Extension */ = {
			isa = PBXNativeTarget;
			buildConfigurationList = 565582AE1B68DAC00089F9DD /* Build configuration list for PBXNativeTarget "test-watch Extension" */;
			buildPhases = (
				5655828E1B68DAC00089F9DD /* Sources */,
				5655828F1B68DAC00089F9DD /* Frameworks */,
				565582901B68DAC00089F9DD /* Resources */,
			);
			buildRules = (
			);
			dependencies = (
			);
			name = "test-watch Extension";
			productName = "test-watch Extension";
			productReference = 565582921B68DAC00089F9DD /* test-watch Extension.appex */;
			productType = "com.apple.product-type.watchkit2-extension";
		};
/* End PBXNativeTarget section */

/* Begin PBXProject section */
		565582621B68D64D0089F9DD /* Project object */ = {
			isa = PBXProject;
			attributes = {
				LastUpgradeCheck = 0700;
				ORGANIZATIONNAME = "*instinctools";
				TargetAttributes = {
					565582691B68D64D0089F9DD = {
						CreatedOnToolsVersion = 7.0;
					};
					565582851B68DAC00089F9DD = {
						CreatedOnToolsVersion = 7.0;
					};
					565582911B68DAC00089F9DD = {
						CreatedOnToolsVersion = 7.0;
					};
				};
			};
			buildConfigurationList = 565582651B68D64D0089F9DD /* Build configuration list for PBXProject "test123" */;
			compatibilityVersion = "Xcode 3.2";
			developmentRegion = English;
			hasScannedForEncodings = 0;
			knownRegions = (
				en,
				Base,
			);
			mainGroup = 565582611B68D64D0089F9DD;
			productRefGroup = 5655826B1B68D64D0089F9DD /* Products */;
			projectDirPath = "";
			projectRoot = "";
			targets = (
				565582691B68D64D0089F9DD /* test123 */,
				565582851B68DAC00089F9DD /* test-watch */,
				565582911B68DAC00089F9DD /* test-watch Extension */,
			);
		};
/* End PBXProject section */

/* Begin PBXResourcesBuildPhase section */
		565582681B68D64D0089F9DD /* Resources */ = {
			isa = PBXResourcesBuildPhase;
			buildActionMask = 2147483647;
			files = (
				5655827D1B68D64D0089F9DD /* LaunchScreen.storyboard in Resources */,
				5655827A1B68D64D0089F9DD /* Assets.xcassets in Resources */,
				565582781B68D64D0089F9DD /* Main.storyboard in Resources */,
			);
			runOnlyForDeploymentPostprocessing = 0;
		};
		565582841B68DAC00089F9DD /* Resources */ = {
			isa = PBXResourcesBuildPhase;
			buildActionMask = 2147483647;
			files = (
				5655828C1B68DAC00089F9DD /* Assets.xcassets in Resources */,
				5655828A1B68DAC00089F9DD /* Interface.storyboard in Resources */,
			);
			runOnlyForDeploymentPostprocessing = 0;
		};
		565582901B68DAC00089F9DD /* Resources */ = {
			isa = PBXResourcesBuildPhase;
			buildActionMask = 2147483647;
			files = (
				565582A91B68DAC00089F9DD /* Assets.xcassets in Resources */,
			);
			runOnlyForDeploymentPostprocessing = 0;
		};
/* End PBXResourcesBuildPhase section */

/* Begin PBXSourcesBuildPhase section */
		565582661B68D64D0089F9DD /* Sources */ = {
			isa = PBXSourcesBuildPhase;
			buildActionMask = 2147483647;
			files = (
				565582751B68D64D0089F9DD /* ViewController.m in Sources */,
				565582721B68D64D0089F9DD /* AppDelegate.m in Sources */,
				5655826F1B68D64D0089F9DD /* main.m in Sources */,
				56C175571B71088A00D87577 /* Constants.m in Sources */,
			);
			runOnlyForDeploymentPostprocessing = 0;
		};
		5655828E1B68DAC00089F9DD /* Sources */ = {
			isa = PBXSourcesBuildPhase;
			buildActionMask = 2147483647;
			files = (
				56C1755C1B7249F400D87577 /* AnimationInterfaceController.m in Sources */,
				56C174921B70F7E800D87577 /* RowController.m in Sources */,
				56C174871B70F77200D87577 /* ComplicationController.m in Sources */,
				56C174881B70F77200D87577 /* GlanceController.m in Sources */,
				564D23621B73891200311F1D /* ExternalUrlInterfaceController.m in Sources */,
				564D23651B73907300311F1D /* AlertInterfaceController.m in Sources */,
				56C1748E1B70F77A00D87577 /* ExtensionDelegate.m in Sources */,
				56C1748F1B70F77A00D87577 /* InterfaceController.m in Sources */,
				56C175541B71035C00D87577 /* MessageToPhoneInterfaceController.m in Sources */,
				56C175511B70FE6600D87577 /* AnimatedPropertiesInterfaceController.m in Sources */,
				56C174891B70F77200D87577 /* NotificationController.m in Sources */,
				56C1755F1B72567A00D87577 /* NetworkInterfaceController.m in Sources */,
				56C175581B71088E00D87577 /* Constants.m in Sources */,
			);
			runOnlyForDeploymentPostprocessing = 0;
		};
/* End PBXSourcesBuildPhase section */

/* Begin PBXTargetDependency section */
		565582951B68DAC00089F9DD /* PBXTargetDependency */ = {
			isa = PBXTargetDependency;
			target = 565582911B68DAC00089F9DD /* test-watch Extension */;
			targetProxy = 565582941B68DAC00089F9DD /* PBXContainerItemProxy */;
		};
		565582AC1B68DAC00089F9DD /* PBXTargetDependency */ = {
			isa = PBXTargetDependency;
			target = 565582851B68DAC00089F9DD /* test-watch */;
			targetProxy = 565582AB1B68DAC00089F9DD /* PBXContainerItemProxy */;
		};
/* End PBXTargetDependency section */

/* Begin PBXVariantGroup section */
		565582761B68D64D0089F9DD /* Main.storyboard */ = {
			isa = PBXVariantGroup;
			children = (
				565582771B68D64D0089F9DD /* Base */,
			);
			name = Main.storyboard;
			sourceTree = "<group>";
		};
		5655827B1B68D64D0089F9DD /* LaunchScreen.storyboard */ = {
			isa = PBXVariantGroup;
			children = (
				5655827C1B68D64D0089F9DD /* Base */,
			);
			name = LaunchScreen.storyboard;
			sourceTree = "<group>";
		};
		565582881B68DAC00089F9DD /* Interface.storyboard */ = {
			isa = PBXVariantGroup;
			children = (
				565582891B68DAC00089F9DD /* Base */,
			);
			name = Interface.storyboard;
			sourceTree = "<group>";
		};
/* End PBXVariantGroup section */

/* Begin XCBuildConfiguration section */
		5655827F1B68D64D0089F9DD /* Debug */ = {
			isa = XCBuildConfiguration;
			buildSettings = {
				ALWAYS_SEARCH_USER_PATHS = NO;
				CLANG_CXX_LANGUAGE_STANDARD = "gnu++0x";
				CLANG_CXX_LIBRARY = "libc++";
				CLANG_ENABLE_MODULES = YES;
				CLANG_ENABLE_OBJC_ARC = YES;
				CLANG_WARN_BOOL_CONVERSION = YES;
				CLANG_WARN_CONSTANT_CONVERSION = YES;
				CLANG_WARN_DIRECT_OBJC_ISA_USAGE = YES_ERROR;
				CLANG_WARN_EMPTY_BODY = YES;
				CLANG_WARN_ENUM_CONVERSION = YES;
				CLANG_WARN_INT_CONVERSION = YES;
				CLANG_WARN_OBJC_ROOT_CLASS = YES_ERROR;
				CLANG_WARN_UNREACHABLE_CODE = YES;
				CLANG_WARN__DUPLICATE_METHOD_MATCH = YES;
				"CODE_SIGN_IDENTITY[sdk=iphoneos*]" = "";
				COPY_PHASE_STRIP = NO;
				DEBUG_INFORMATION_FORMAT = dwarf;
				ENABLE_STRICT_OBJC_MSGSEND = YES;
				ENABLE_TESTABILITY = YES;
				GCC_C_LANGUAGE_STANDARD = gnu99;
				GCC_DYNAMIC_NO_PIC = NO;
				GCC_NO_COMMON_BLOCKS = YES;
				GCC_OPTIMIZATION_LEVEL = 0;
				GCC_PREPROCESSOR_DEFINITIONS = (
					"DEBUG=1",
					"$(inherited)",
				);
				GCC_WARN_64_TO_32_BIT_CONVERSION = YES;
				GCC_WARN_ABOUT_RETURN_TYPE = YES_ERROR;
				GCC_WARN_UNDECLARED_SELECTOR = YES;
				GCC_WARN_UNINITIALIZED_AUTOS = YES_AGGRESSIVE;
				GCC_WARN_UNUSED_FUNCTION = YES;
				GCC_WARN_UNUSED_VARIABLE = YES;
				IPHONEOS_DEPLOYMENT_TARGET = 9.0;
				MTL_ENABLE_DEBUG_INFO = YES;
				ONLY_ACTIVE_ARCH = YES;
				PROVISIONING_PROFILE = "77346679-edd5-4db6-af95-7eb373d75e02";
				SDKROOT = iphoneos;
			};
			name = Debug;
		};
		565582801B68D64D0089F9DD /* Release */ = {
			isa = XCBuildConfiguration;
			buildSettings = {
				ALWAYS_SEARCH_USER_PATHS = NO;
				CLANG_CXX_LANGUAGE_STANDARD = "gnu++0x";
				CLANG_CXX_LIBRARY = "libc++";
				CLANG_ENABLE_MODULES = YES;
				CLANG_ENABLE_OBJC_ARC = YES;
				CLANG_WARN_BOOL_CONVERSION = YES;
				CLANG_WARN_CONSTANT_CONVERSION = YES;
				CLANG_WARN_DIRECT_OBJC_ISA_USAGE = YES_ERROR;
				CLANG_WARN_EMPTY_BODY = YES;
				CLANG_WARN_ENUM_CONVERSION = YES;
				CLANG_WARN_INT_CONVERSION = YES;
				CLANG_WARN_OBJC_ROOT_CLASS = YES_ERROR;
				CLANG_WARN_UNREACHABLE_CODE = YES;
				CLANG_WARN__DUPLICATE_METHOD_MATCH = YES;
				"CODE_SIGN_IDENTITY[sdk=iphoneos*]" = "";
				COPY_PHASE_STRIP = NO;
				DEBUG_INFORMATION_FORMAT = "dwarf-with-dsym";
				ENABLE_NS_ASSERTIONS = NO;
				ENABLE_STRICT_OBJC_MSGSEND = YES;
				GCC_C_LANGUAGE_STANDARD = gnu99;
				GCC_NO_COMMON_BLOCKS = YES;
				GCC_WARN_64_TO_32_BIT_CONVERSION = YES;
				GCC_WARN_ABOUT_RETURN_TYPE = YES_ERROR;
				GCC_WARN_UNDECLARED_SELECTOR = YES;
				GCC_WARN_UNINITIALIZED_AUTOS = YES_AGGRESSIVE;
				GCC_WARN_UNUSED_FUNCTION = YES;
				GCC_WARN_UNUSED_VARIABLE = YES;
				IPHONEOS_DEPLOYMENT_TARGET = 9.0;
				MTL_ENABLE_DEBUG_INFO = NO;
				PROVISIONING_PROFILE = "77346679-edd5-4db6-af95-7eb373d75e02";
				SDKROOT = iphoneos;
				VALIDATE_PRODUCT = YES;
			};
			name = Release;
		};
		565582821B68D64D0089F9DD /* Debug */ = {
			isa = XCBuildConfiguration;
			buildSettings = {
				ASSETCATALOG_COMPILER_APPICON_NAME = AppIcon;
				INFOPLIST_FILE = test123/Info.plist;
				LD_RUNPATH_SEARCH_PATHS = "$(inherited) @executable_path/Frameworks";
				PRODUCT_BUNDLE_IDENTIFIER = com.instinctools.test123;
				PRODUCT_NAME = "$(TARGET_NAME)";
			};
			name = Debug;
		};
		565582831B68D64D0089F9DD /* Release */ = {
			isa = XCBuildConfiguration;
			buildSettings = {
				ASSETCATALOG_COMPILER_APPICON_NAME = AppIcon;
				INFOPLIST_FILE = test123/Info.plist;
				LD_RUNPATH_SEARCH_PATHS = "$(inherited) @executable_path/Frameworks";
				PRODUCT_BUNDLE_IDENTIFIER = com.instinctools.test123;
				PRODUCT_NAME = "$(TARGET_NAME)";
			};
			name = Release;
		};
		565582AF1B68DAC00089F9DD /* Debug */ = {
			isa = XCBuildConfiguration;
			buildSettings = {
				ASSETCATALOG_COMPILER_COMPLICATION_NAME = Complication;
				INFOPLIST_FILE = "test-watch Extension/Info.plist";
				LD_RUNPATH_SEARCH_PATHS = "$(inherited) @executable_path/Frameworks @executable_path/../../Frameworks";
				PRODUCT_BUNDLE_IDENTIFIER = com.instinctools.test123.watchkitapp.watchkitextension;
				PRODUCT_NAME = "${TARGET_NAME}";
				SDKROOT = watchos;
				SKIP_INSTALL = YES;
				TARGETED_DEVICE_FAMILY = 4;
				WATCHOS_DEPLOYMENT_TARGET = 2.0;
			};
			name = Debug;
		};
		565582B01B68DAC00089F9DD /* Release */ = {
			isa = XCBuildConfiguration;
			buildSettings = {
				ASSETCATALOG_COMPILER_COMPLICATION_NAME = Complication;
				INFOPLIST_FILE = "test-watch Extension/Info.plist";
				LD_RUNPATH_SEARCH_PATHS = "$(inherited) @executable_path/Frameworks @executable_path/../../Frameworks";
				PRODUCT_BUNDLE_IDENTIFIER = com.instinctools.test123.watchkitapp.watchkitextension;
				PRODUCT_NAME = "${TARGET_NAME}";
				SDKROOT = watchos;
				SKIP_INSTALL = YES;
				TARGETED_DEVICE_FAMILY = 4;
				WATCHOS_DEPLOYMENT_TARGET = 2.0;
			};
			name = Release;
		};
		565582B31B68DAC00089F9DD /* Debug */ = {
			isa = XCBuildConfiguration;
			buildSettings = {
				ASSETCATALOG_COMPILER_APPICON_NAME = AppIcon;
				CODE_SIGN_IDENTITY = "";
				IBSC_MODULE = test_watch_Extension;
				INFOPLIST_FILE = "test-watch/Info.plist";
				PRODUCT_BUNDLE_IDENTIFIER = com.instinctools.test123.watchkitapp;
				PRODUCT_NAME = "$(TARGET_NAME)";
				SDKROOT = watchos;
				SKIP_INSTALL = YES;
				TARGETED_DEVICE_FAMILY = 4;
				WATCHOS_DEPLOYMENT_TARGET = 2.0;
			};
			name = Debug;
		};
		565582B41B68DAC00089F9DD /* Release */ = {
			isa = XCBuildConfiguration;
			buildSettings = {
				ASSETCATALOG_COMPILER_APPICON_NAME = AppIcon;
				CODE_SIGN_IDENTITY = "";
				IBSC_MODULE = test_watch_Extension;
				INFOPLIST_FILE = "test-watch/Info.plist";
				PRODUCT_BUNDLE_IDENTIFIER = com.instinctools.test123.watchkitapp;
				PRODUCT_NAME = "$(TARGET_NAME)";
				SDKROOT = watchos;
				SKIP_INSTALL = YES;
				TARGETED_DEVICE_FAMILY = 4;
				WATCHOS_DEPLOYMENT_TARGET = 2.0;
			};
			name = Release;
		};
/* End XCBuildConfiguration section */

/* Begin XCConfigurationList section */
		565582651B68D64D0089F9DD /* Build configuration list for PBXProject "test123" */ = {
			isa = XCConfigurationList;
			buildConfigurations = (
				5655827F1B68D64D0089F9DD /* Debug */,
				565582801B68D64D0089F9DD /* Release */,
			);
			defaultConfigurationIsVisible = 0;
			defaultConfigurationName = Release;
		};
		565582811B68D64D0089F9DD /* Build configuration list for PBXNativeTarget "test123" */ = {
			isa = XCConfigurationList;
			buildConfigurations = (
				565582821B68D64D0089F9DD /* Debug */,
				565582831B68D64D0089F9DD /* Release */,
			);
			defaultConfigurationIsVisible = 0;
			defaultConfigurationName = Release;
		};
		565582AE1B68DAC00089F9DD /* Build configuration list for PBXNativeTarget "test-watch Extension" */ = {
			isa = XCConfigurationList;
			buildConfigurations = (
				565582AF1B68DAC00089F9DD /* Debug */,
				565582B01B68DAC00089F9DD /* Release */,
			);
			defaultConfigurationIsVisible = 0;
			defaultConfigurationName = Release;
		};
		565582B21B68DAC00089F9DD /* Build configuration list for PBXNativeTarget "test-watch" */ = {
			isa = XCConfigurationList;
			buildConfigurations = (
				565582B31B68DAC00089F9DD /* Debug */,
				565582B41B68DAC00089F9DD /* Release */,
			);
			defaultConfigurationIsVisible = 0;
			defaultConfigurationName = Release;
		};
/* End XCConfigurationList section */
	};
	rootObject = 565582621B68D64D0089F9DD /* Project object */;
}
